{
  "name": "data-bridge",
  "version": "1.0.0",
  "lockfileVersion": 3,
  "requires": true,
  "packages": {
    "": {
      "name": "data-bridge",
      "version": "1.0.0",
      "license": "MIT",
      "devDependencies": {
        "@boristype/types": "^1.0.0-alpha.1",
        "btc": "file:../BorisType/btc",
        "types": "file:../types",
        "typescript": "^5.9.2"
      }
    },
    "../BorisType/btc": {
      "name": "@boristype/btc",
      "version": "0.0.1-alpha.3",
      "dev": true,
      "license": "MIT",
      "dependencies": {
        "@babel/core": "^7.28.4",
        "@babel/plugin-transform-runtime": "^7.28.3",
        "@babel/preset-env": "^7.28.3",
        "@babel/template": "^7.27.2",
        "@types/babel__core": "^7.20.5",
        "chalk": "^5.6.0",
        "commander": "^14.0.1",
        "ts-clone-node": "^4.0.0",
        "typescript": "^5.9.2"
      },
      "bin": {
        "btc": "build/index.js"
      },
      "devDependencies": {
        "@types/node": "^24.7.2",
        "typescript": "^5.9.2"
      }
    },
    "../types": {
      "name": "@boristype/types",
      "version": "1.0.0-alpha.1",
      "dev": true,
      "license": "MIT",
      "devDependencies": {
        "eslint": "^9.22.0",
        "eslint-plugin-jsdoc": "^50.6.6",
        "husky": "^9.1.7",
        "typescript": "^5.8.2",
        "typescript-eslint": "^8.26.1"
      }
    },
    "node_modules/@boristype/types": {
      "version": "1.0.0-alpha.1",
      "resolved": "https://registry.npmjs.org/@boristype/types/-/types-1.0.0-alpha.1.tgz",
      "integrity": "sha512-jSU14SaO+x1STpLV+9hUlNWgy43nLEJChLrbjT6hwHh7dSajvU7lqMXwsObU3H2g8vNDd9s70GUoguqHYFe2MQ==",
      "dev": true,
      "license": "MIT"
    },
    "node_modules/btc": {
      "resolved": "../BorisType/btc",
      "link": true
    },
    "node_modules/types": {
      "resolved": "../types",
      "link": true
    },
    "node_modules/typescript": {
      "version": "5.9.3",
      "resolved": "https://registry.npmjs.org/typescript/-/typescript-5.9.3.tgz",
      "integrity": "sha512-jl1vZzPDinLr9eUt3J/t7V6FgNEw9QjvBPdysz9KfQDD41fQrC2Y4vKQdiaUpFT4bXlb1RHhLpp8wtm6M5TgSw==",
      "dev": true,
      "license": "Apache-2.0",
      "bin": {
        "tsc": "bin/tsc",
        "tsserver": "bin/tsserver"
      },
      "engines": {
        "node": ">=14.17"
      }
    }
  }
}
